{
  "originHash" : "aac247ffc8669bbc922f4e79a5ecc850f0597270299929c79c2fd7e5a709c70a",
  "pins" : [
    {
      "identity" : "httpclient",
      "kind" : "remoteSourceControl",
      "location" : "https://github.com/martin-cotta/HttpClient",
      "state" : {
        "revision" : "969f704312722cb4082ec938cc78c1bade2f83bc",
        "version" : "1.0.0"
      }
    },
    {
      "identity" : "uxlibrary",
      "kind" : "remoteSourceControl",
      "location" : "https://github.com/martin-cotta/UXLibrary",
      "state" : {
        "revision" : "e0207580ba227dcba8509cd2e9bc095a8d345919",
        "version" : "1.2.2"
      }
    }
  ],
  "version" : 3
}
